// !$*UTF8*$!
{
	archiveVersion = 1;
	classes = {
	};
	objectVersion = 56;
	objects = {

/* Begin PBXBuildFile section */
		99408BC42C857BB900544EC1 /* SwiftUIScreenTransitionApp.swift in Sources */ = {isa = PBXBuildFile; fileRef = 99408BC32C857BB900544EC1 /* SwiftUIScreenTransitionApp.swift */; };
		99408BC62C857BB900544EC1 /* OnBoardingView.swift in Sources */ = {isa = PBXBuildFile; fileRef = 99408BC52C857BB900544EC1 /* OnBoardingView.swift */; };
		99408BC82C857BBA00544EC1 /* Assets.xcassets in Resources */ = {isa = PBXBuildFile; fileRef = 99408BC72C857BBA00544EC1 /* Assets.xcassets */; };
		99408BCB2C857BBA00544EC1 /* Preview Assets.xcassets in Resources */ = {isa = PBXBuildFile; fileRef = 99408BCA2C857BBA00544EC1 /* Preview Assets.xcassets */; };
		99408BD22C85818500544EC1 /* .gitignore in Resources */ = {isa = PBXBuildFile; fileRef = 99408BD12C85818500544EC1 /* .gitignore */; };
		99408BD42C85819C00544EC1 /* APIKey.swift in Sources */ = {isa = PBXBuildFile; fileRef = 99408BD32C85819C00544EC1 /* APIKey.swift */; };
		99408BD82C8582E500544EC1 /* RadiusBlueBackGround.swift in Sources */ = {isa = PBXBuildFile; fileRef = 99408BD72C8582E500544EC1 /* RadiusBlueBackGround.swift */; };
		99408BDA2C8583BD00544EC1 /* ForegroundWrapper.swift in Sources */ = {isa = PBXBuildFile; fileRef = 99408BD92C8583BD00544EC1 /* ForegroundWrapper.swift */; };
		99408BDF2C8587B600544EC1 /* ProfileSettingView.swift in Sources */ = {isa = PBXBuildFile; fileRef = 99408BDE2C8587B600544EC1 /* ProfileSettingView.swift */; };
		99408BE12C85A78900544EC1 /* GrayCircleView.swift in Sources */ = {isa = PBXBuildFile; fileRef = 99408BE02C85A78900544EC1 /* GrayCircleView.swift */; };
		99408BE32C85BA5000544EC1 /* CameraInProfileView.swift in Sources */ = {isa = PBXBuildFile; fileRef = 99408BE22C85BA5000544EC1 /* CameraInProfileView.swift */; };
		99408BE72C86041200544EC1 /* ProfileImageSettingView.swift in Sources */ = {isa = PBXBuildFile; fileRef = 99408BE62C86041200544EC1 /* ProfileImageSettingView.swift */; };
		998D16A32C886F0300FC62AD /* MyRandomImageView.swift in Sources */ = {isa = PBXBuildFile; fileRef = 998D16A22C886F0300FC62AD /* MyRandomImageView.swift */; };
		99F08F9E2C86F89E000CD1D5 /* SearchSymboView.swift in Sources */ = {isa = PBXBuildFile; fileRef = 99F08F9D2C86F89E000CD1D5 /* SearchSymboView.swift */; };
		99F08FA02C870CFD000CD1D5 /* CoinView.swift in Sources */ = {isa = PBXBuildFile; fileRef = 99F08F9F2C870CFD000CD1D5 /* CoinView.swift */; };
		99F08FA32C870E22000CD1D5 /* UpbitAPI.swift in Sources */ = {isa = PBXBuildFile; fileRef = 99F08FA22C870E22000CD1D5 /* UpbitAPI.swift */; };
		99F08FA52C870E62000CD1D5 /* Banner.swift in Sources */ = {isa = PBXBuildFile; fileRef = 99F08FA42C870E62000CD1D5 /* Banner.swift */; };
/* End PBXBuildFile section */

/* Begin PBXFileReference section */
		99408BC02C857BB900544EC1 /* SwiftUIScreenTransition.app */ = {isa = PBXFileReference; explicitFileType = wrapper.application; includeInIndex = 0; path = SwiftUIScreenTransition.app; sourceTree = BUILT_PRODUCTS_DIR; };
		99408BC32C857BB900544EC1 /* SwiftUIScreenTransitionApp.swift */ = {isa = PBXFileReference; lastKnownFileType = sourcecode.swift; path = SwiftUIScreenTransitionApp.swift; sourceTree = "<group>"; };
		99408BC52C857BB900544EC1 /* OnBoardingView.swift */ = {isa = PBXFileReference; lastKnownFileType = sourcecode.swift; path = OnBoardingView.swift; sourceTree = "<group>"; };
		99408BC72C857BBA00544EC1 /* Assets.xcassets */ = {isa = PBXFileReference; lastKnownFileType = folder.assetcatalog; path = Assets.xcassets; sourceTree = "<group>"; };
		99408BCA2C857BBA00544EC1 /* Preview Assets.xcassets */ = {isa = PBXFileReference; lastKnownFileType = folder.assetcatalog; path = "Preview Assets.xcassets"; sourceTree = "<group>"; };
		99408BD12C85818500544EC1 /* .gitignore */ = {isa = PBXFileReference; lastKnownFileType = text; path = .gitignore; sourceTree = "<group>"; };
		99408BD32C85819C00544EC1 /* APIKey.swift */ = {isa = PBXFileReference; lastKnownFileType = sourcecode.swift; path = APIKey.swift; sourceTree = "<group>"; };
		99408BD72C8582E500544EC1 /* RadiusBlueBackGround.swift */ = {isa = PBXFileReference; lastKnownFileType = sourcecode.swift; path = RadiusBlueBackGround.swift; sourceTree = "<group>"; };
		99408BD92C8583BD00544EC1 /* ForegroundWrapper.swift */ = {isa = PBXFileReference; lastKnownFileType = sourcecode.swift; path = ForegroundWrapper.swift; sourceTree = "<group>"; };
		99408BDE2C8587B600544EC1 /* ProfileSettingView.swift */ = {isa = PBXFileReference; lastKnownFileType = sourcecode.swift; name = ProfileSettingView.swift; path = ../ProfileSettingView.swift; sourceTree = "<group>"; };
		99408BE02C85A78900544EC1 /* GrayCircleView.swift */ = {isa = PBXFileReference; lastKnownFileType = sourcecode.swift; path = GrayCircleView.swift; sourceTree = "<group>"; };
		99408BE22C85BA5000544EC1 /* CameraInProfileView.swift */ = {isa = PBXFileReference; lastKnownFileType = sourcecode.swift; path = CameraInProfileView.swift; sourceTree = "<group>"; };
		99408BE62C86041200544EC1 /* ProfileImageSettingView.swift */ = {isa = PBXFileReference; fileEncoding = 4; lastKnownFileType = sourcecode.swift; path = ProfileImageSettingView.swift; sourceTree = "<group>"; };
		998D16A22C886F0300FC62AD /* MyRandomImageView.swift */ = {isa = PBXFileReference; lastKnownFileType = sourcecode.swift; path = MyRandomImageView.swift; sourceTree = "<group>"; };
		99F08F9D2C86F89E000CD1D5 /* SearchSymboView.swift */ = {isa = PBXFileReference; lastKnownFileType = sourcecode.swift; path = SearchSymboView.swift; sourceTree = "<group>"; };
		99F08F9F2C870CFD000CD1D5 /* CoinView.swift */ = {isa = PBXFileReference; lastKnownFileType = sourcecode.swift; path = CoinView.swift; sourceTree = "<group>"; };
		99F08FA22C870E22000CD1D5 /* UpbitAPI.swift */ = {isa = PBXFileReference; lastKnownFileType = sourcecode.swift; path = UpbitAPI.swift; sourceTree = "<group>"; };
		99F08FA42C870E62000CD1D5 /* Banner.swift */ = {isa = PBXFileReference; lastKnownFileType = sourcecode.swift; path = Banner.swift; sourceTree = "<group>"; };
/* End PBXFileReference section */

/* Begin PBXFrameworksBuildPhase section */
		99408BBD2C857BB900544EC1 /* Frameworks */ = {
			isa = PBXFrameworksBuildPhase;
			buildActionMask = 2147483647;
			files = (
			);
			runOnlyForDeploymentPostprocessing = 0;
		};
/* End PBXFrameworksBuildPhase section */

/* Begin PBXGroup section */
		99408BB72C857BB900544EC1 = {
			isa = PBXGroup;
			children = (
				99408BD12C85818500544EC1 /* .gitignore */,
				99408BC22C857BB900544EC1 /* SwiftUIScreenTransition */,
				99408BC12C857BB900544EC1 /* Products */,
			);
			sourceTree = "<group>";
		};
		99408BC12C857BB900544EC1 /* Products */ = {
			isa = PBXGroup;
			children = (
				99408BC02C857BB900544EC1 /* SwiftUIScreenTransition.app */,
			);
			name = Products;
			sourceTree = "<group>";
		};
		99408BC22C857BB900544EC1 /* SwiftUIScreenTransition */ = {
			isa = PBXGroup;
			children = (
				99F08FA12C870E0C000CD1D5 /* Model */,
				99408BD52C8581A500544EC1 /* Security */,
				99408BD62C8582A900544EC1 /* CustomModifier */,
				99408BC32C857BB900544EC1 /* SwiftUIScreenTransitionApp.swift */,
				99408BDB2C85879300544EC1 /* View */,
				99408BC72C857BBA00544EC1 /* Assets.xcassets */,
				99408BC92C857BBA00544EC1 /* Preview Content */,
			);
			path = SwiftUIScreenTransition;
			sourceTree = "<group>";
		};
		99408BC92C857BBA00544EC1 /* Preview Content */ = {
			isa = PBXGroup;
			children = (
				99408BCA2C857BBA00544EC1 /* Preview Assets.xcassets */,
			);
			path = "Preview Content";
			sourceTree = "<group>";
		};
		99408BD52C8581A500544EC1 /* Security */ = {
			isa = PBXGroup;
			children = (
				99408BD32C85819C00544EC1 /* APIKey.swift */,
			);
			path = Security;
			sourceTree = "<group>";
		};
		99408BD62C8582A900544EC1 /* CustomModifier */ = {
			isa = PBXGroup;
			children = (
				99408BD72C8582E500544EC1 /* RadiusBlueBackGround.swift */,
				99408BD92C8583BD00544EC1 /* ForegroundWrapper.swift */,
				99408BE02C85A78900544EC1 /* GrayCircleView.swift */,
				99408BE22C85BA5000544EC1 /* CameraInProfileView.swift */,
			);
			path = CustomModifier;
			sourceTree = "<group>";
		};
		99408BDB2C85879300544EC1 /* View */ = {
			isa = PBXGroup;
			children = (
				998D16A12C886EEE00FC62AD /* RanadomImage */,
				99F08F9A2C86F807000CD1D5 /* Search */,
				99F08F992C86F7F9000CD1D5 /* SignIn */,
			);
			path = View;
			sourceTree = "<group>";
		};
		998D16A12C886EEE00FC62AD /* RanadomImage */ = {
			isa = PBXGroup;
			children = (
				998D16A22C886F0300FC62AD /* MyRandomImageView.swift */,
			);
			path = RanadomImage;
			sourceTree = "<group>";
		};
		99F08F992C86F7F9000CD1D5 /* SignIn */ = {
			isa = PBXGroup;
			children = (
				99408BC52C857BB900544EC1 /* OnBoardingView.swift */,
				99408BDE2C8587B600544EC1 /* ProfileSettingView.swift */,
				99408BE62C86041200544EC1 /* ProfileImageSettingView.swift */,
			);
			path = SignIn;
			sourceTree = "<group>";
		};
		99F08F9A2C86F807000CD1D5 /* Search */ = {
			isa = PBXGroup;
			children = (
				99F08F9D2C86F89E000CD1D5 /* SearchSymboView.swift */,
				99F08F9F2C870CFD000CD1D5 /* CoinView.swift */,
			);
			name = Search;
			path = "New Group1";
			sourceTree = "<group>";
		};
		99F08FA12C870E0C000CD1D5 /* Model */ = {
			isa = PBXGroup;
			children = (
				99F08FA22C870E22000CD1D5 /* UpbitAPI.swift */,
				99F08FA42C870E62000CD1D5 /* Banner.swift */,
			);
			path = Model;
			sourceTree = "<group>";
		};
/* End PBXGroup section */

/* Begin PBXNativeTarget section */
		99408BBF2C857BB900544EC1 /* SwiftUIScreenTransition */ = {
			isa = PBXNativeTarget;
			buildConfigurationList = 99408BCE2C857BBA00544EC1 /* Build configuration list for PBXNativeTarget "SwiftUIScreenTransition" */;
			buildPhases = (
				99408BBC2C857BB900544EC1 /* Sources */,
				99408BBD2C857BB900544EC1 /* Frameworks */,
				99408BBE2C857BB900544EC1 /* Resources */,
			);
			buildRules = (
			);
			dependencies = (
			);
			name = SwiftUIScreenTransition;
			productName = SwiftUIScreenTransition;
			productReference = 99408BC02C857BB900544EC1 /* SwiftUIScreenTransition.app */;
			productType = "com.apple.product-type.application";
		};
/* End PBXNativeTarget section */

/* Begin PBXProject section */
		99408BB82C857BB900544EC1 /* Project object */ = {
			isa = PBXProject;
			attributes = {
				BuildIndependentTargetsInParallel = 1;
				LastSwiftUpdateCheck = 1530;
				LastUpgradeCheck = 1530;
				TargetAttributes = {
					99408BBF2C857BB900544EC1 = {
						CreatedOnToolsVersion = 15.3;
					};
				};
			};
			buildConfigurationList = 99408BBB2C857BB900544EC1 /* Build configuration list for PBXProject "SwiftUIScreenTransition" */;
			compatibilityVersion = "Xcode 14.0";
			developmentRegion = en;
			hasScannedForEncodings = 0;
			knownRegions = (
				en,
				Base,
			);
			mainGroup = 99408BB72C857BB900544EC1;
			productRefGroup = 99408BC12C857BB900544EC1 /* Products */;
			projectDirPath = "";
			projectRoot = "";
			targets = (
				99408BBF2C857BB900544EC1 /* SwiftUIScreenTransition */,
			);
		};
/* End PBXProject section */

/* Begin PBXResourcesBuildPhase section */
		99408BBE2C857BB900544EC1 /* Resources */ = {
			isa = PBXResourcesBuildPhase;
			buildActionMask = 2147483647;
			files = (
				99408BCB2C857BBA00544EC1 /* Preview Assets.xcassets in Resources */,
				99408BD22C85818500544EC1 /* .gitignore in Resources */,
				99408BC82C857BBA00544EC1 /* Assets.xcassets in Resources */,
			);
			runOnlyForDeploymentPostprocessing = 0;
		};
/* End PBXResourcesBuildPhase section */

/* Begin PBXSourcesBuildPhase section */
		99408BBC2C857BB900544EC1 /* Sources */ = {
			isa = PBXSourcesBuildPhase;
			buildActionMask = 2147483647;
			files = (
				99F08FA02C870CFD000CD1D5 /* CoinView.swift in Sources */,
				99408BDA2C8583BD00544EC1 /* ForegroundWrapper.swift in Sources */,
				99F08FA52C870E62000CD1D5 /* Banner.swift in Sources */,
				99408BE12C85A78900544EC1 /* GrayCircleView.swift in Sources */,
				99408BC62C857BB900544EC1 /* OnBoardingView.swift in Sources */,
				99408BE32C85BA5000544EC1 /* CameraInProfileView.swift in Sources */,
				99408BD42C85819C00544EC1 /* APIKey.swift in Sources */,
				99408BDF2C8587B600544EC1 /* ProfileSettingView.swift in Sources */,
				99F08FA32C870E22000CD1D5 /* UpbitAPI.swift in Sources */,
				998D16A32C886F0300FC62AD /* MyRandomImageView.swift in Sources */,
				99408BD82C8582E500544EC1 /* RadiusBlueBackGround.swift in Sources */,
				99F08F9E2C86F89E000CD1D5 /* SearchSymboView.swift in Sources */,
				99408BC42C857BB900544EC1 /* SwiftUIScreenTransitionApp.swift in Sources */,
				99408BE72C86041200544EC1 /* ProfileImageSettingView.swift in Sources */,
			);
			runOnlyForDeploymentPostprocessing = 0;
		};
/* End PBXSourcesBuildPhase section */

/* Begin XCBuildConfiguration section */
		99408BCC2C857BBA00544EC1 /* Debug */ = {
			isa = XCBuildConfiguration;
			buildSettings = {
				ALWAYS_SEARCH_USER_PATHS = NO;
				ASSETCATALOG_COMPILER_GENERATE_SWIFT_ASSET_SYMBOL_EXTENSIONS = YES;
				CLANG_ANALYZER_NONNULL = YES;
				CLANG_ANALYZER_NUMBER_OBJECT_CONVERSION = YES_AGGRESSIVE;
				CLANG_CXX_LANGUAGE_STANDARD = "gnu++20";
				CLANG_ENABLE_MODULES = YES;
				CLANG_ENABLE_OBJC_ARC = YES;
				CLANG_ENABLE_OBJC_WEAK = YES;
				CLANG_WARN_BLOCK_CAPTURE_AUTORELEASING = YES;
				CLANG_WARN_BOOL_CONVERSION = YES;
				CLANG_WARN_COMMA = YES;
				CLANG_WARN_CONSTANT_CONVERSION = YES;
				CLANG_WARN_DEPRECATED_OBJC_IMPLEMENTATIONS = YES;
				CLANG_WARN_DIRECT_OBJC_ISA_USAGE = YES_ERROR;
				CLANG_WARN_DOCUMENTATION_COMMENTS = YES;
				CLANG_WARN_EMPTY_BODY = YES;
				CLANG_WARN_ENUM_CONVERSION = YES;
				CLANG_WARN_INFINITE_RECURSION = YES;
				CLANG_WARN_INT_CONVERSION = YES;
				CLANG_WARN_NON_LITERAL_NULL_CONVERSION = YES;
				CLANG_WARN_OBJC_IMPLICIT_RETAIN_SELF = YES;
				CLANG_WARN_OBJC_LITERAL_CONVERSION = YES;
				CLANG_WARN_OBJC_ROOT_CLASS = YES_ERROR;
				CLANG_WARN_QUOTED_INCLUDE_IN_FRAMEWORK_HEADER = YES;
				CLANG_WARN_RANGE_LOOP_ANALYSIS = YES;
				CLANG_WARN_STRICT_PROTOTYPES = YES;
				CLANG_WARN_SUSPICIOUS_MOVE = YES;
				CLANG_WARN_UNGUARDED_AVAILABILITY = YES_AGGRESSIVE;
				CLANG_WARN_UNREACHABLE_CODE = YES;
				CLANG_WARN__DUPLICATE_METHOD_MATCH = YES;
				COPY_PHASE_STRIP = NO;
				DEBUG_INFORMATION_FORMAT = dwarf;
				ENABLE_STRICT_OBJC_MSGSEND = YES;
				ENABLE_TESTABILITY = YES;
				ENABLE_USER_SCRIPT_SANDBOXING = YES;
				GCC_C_LANGUAGE_STANDARD = gnu17;
				GCC_DYNAMIC_NO_PIC = NO;
				GCC_NO_COMMON_BLOCKS = YES;
				GCC_OPTIMIZATION_LEVEL = 0;
				GCC_PREPROCESSOR_DEFINITIONS = (
					"DEBUG=1",
					"$(inherited)",
				);
				GCC_WARN_64_TO_32_BIT_CONVERSION = YES;
				GCC_WARN_ABOUT_RETURN_TYPE = YES_ERROR;
				GCC_WARN_UNDECLARED_SELECTOR = YES;
				GCC_WARN_UNINITIALIZED_AUTOS = YES_AGGRESSIVE;
				GCC_WARN_UNUSED_FUNCTION = YES;
				GCC_WARN_UNUSED_VARIABLE = YES;
				IPHONEOS_DEPLOYMENT_TARGET = 17.4;
				LOCALIZATION_PREFERS_STRING_CATALOGS = YES;
				MTL_ENABLE_DEBUG_INFO = INCLUDE_SOURCE;
				MTL_FAST_MATH = YES;
				ONLY_ACTIVE_ARCH = YES;
				SDKROOT = iphoneos;
				SWIFT_ACTIVE_COMPILATION_CONDITIONS = "DEBUG $(inherited)";
				SWIFT_OPTIMIZATION_LEVEL = "-Onone";
			};
			name = Debug;
		};
		99408BCD2C857BBA00544EC1 /* Release */ = {
			isa = XCBuildConfiguration;
			buildSettings = {
				ALWAYS_SEARCH_USER_PATHS = NO;
				ASSETCATALOG_COMPILER_GENERATE_SWIFT_ASSET_SYMBOL_EXTENSIONS = YES;
				CLANG_ANALYZER_NONNULL = YES;
				CLANG_ANALYZER_NUMBER_OBJECT_CONVERSION = YES_AGGRESSIVE;
				CLANG_CXX_LANGUAGE_STANDARD = "gnu++20";
				CLANG_ENABLE_MODULES = YES;
				CLANG_ENABLE_OBJC_ARC = YES;
				CLANG_ENABLE_OBJC_WEAK = YES;
				CLANG_WARN_BLOCK_CAPTURE_AUTORELEASING = YES;
				CLANG_WARN_BOOL_CONVERSION = YES;
				CLANG_WARN_COMMA = YES;
				CLANG_WARN_CONSTANT_CONVERSION = YES;
				CLANG_WARN_DEPRECATED_OBJC_IMPLEMENTATIONS = YES;
				CLANG_WARN_DIRECT_OBJC_ISA_USAGE = YES_ERROR;
				CLANG_WARN_DOCUMENTATION_COMMENTS = YES;
				CLANG_WARN_EMPTY_BODY = YES;
				CLANG_WARN_ENUM_CONVERSION = YES;
				CLANG_WARN_INFINITE_RECURSION = YES;
				CLANG_WARN_INT_CONVERSION = YES;
				CLANG_WARN_NON_LITERAL_NULL_CONVERSION = YES;
				CLANG_WARN_OBJC_IMPLICIT_RETAIN_SELF = YES;
				CLANG_WARN_OBJC_LITERAL_CONVERSION = YES;
				CLANG_WARN_OBJC_ROOT_CLASS = YES_ERROR;
				CLANG_WARN_QUOTED_INCLUDE_IN_FRAMEWORK_HEADER = YES;
				CLANG_WARN_RANGE_LOOP_ANALYSIS = YES;
				CLANG_WARN_STRICT_PROTOTYPES = YES;
				CLANG_WARN_SUSPICIOUS_MOVE = YES;
				CLANG_WARN_UNGUARDED_AVAILABILITY = YES_AGGRESSIVE;
				CLANG_WARN_UNREACHABLE_CODE = YES;
				CLANG_WARN__DUPLICATE_METHOD_MATCH = YES;
				COPY_PHASE_STRIP = NO;
				DEBUG_INFORMATION_FORMAT = "dwarf-with-dsym";
				ENABLE_NS_ASSERTIONS = NO;
				ENABLE_STRICT_OBJC_MSGSEND = YES;
				ENABLE_USER_SCRIPT_SANDBOXING = YES;
				GCC_C_LANGUAGE_STANDARD = gnu17;
				GCC_NO_COMMON_BLOCKS = YES;
				GCC_WARN_64_TO_32_BIT_CONVERSION = YES;
				GCC_WARN_ABOUT_RETURN_TYPE = YES_ERROR;
				GCC_WARN_UNDECLARED_SELECTOR = YES;
				GCC_WARN_UNINITIALIZED_AUTOS = YES_AGGRESSIVE;
				GCC_WARN_UNUSED_FUNCTION = YES;
				GCC_WARN_UNUSED_VARIABLE = YES;
				IPHONEOS_DEPLOYMENT_TARGET = 17.4;
				LOCALIZATION_PREFERS_STRING_CATALOGS = YES;
				MTL_ENABLE_DEBUG_INFO = NO;
				MTL_FAST_MATH = YES;
				SDKROOT = iphoneos;
				SWIFT_COMPILATION_MODE = wholemodule;
				VALIDATE_PRODUCT = YES;
			};
			name = Release;
		};
		99408BCF2C857BBA00544EC1 /* Debug */ = {
			isa = XCBuildConfiguration;
			buildSettings = {
				ASSETCATALOG_COMPILER_APPICON_NAME = AppIcon;
				ASSETCATALOG_COMPILER_GLOBAL_ACCENT_COLOR_NAME = AccentColor;
				CODE_SIGN_STYLE = Automatic;
				CURRENT_PROJECT_VERSION = 1;
				DEVELOPMENT_ASSET_PATHS = "\"SwiftUIScreenTransition/Preview Content\"";
				DEVELOPMENT_TEAM = Y2VDXSZQ3M;
				ENABLE_PREVIEWS = YES;
				GENERATE_INFOPLIST_FILE = YES;
				INFOPLIST_KEY_UIApplicationSceneManifest_Generation = YES;
				INFOPLIST_KEY_UIApplicationSupportsIndirectInputEvents = YES;
				INFOPLIST_KEY_UILaunchScreen_Generation = YES;
				INFOPLIST_KEY_UISupportedInterfaceOrientations = UIInterfaceOrientationPortrait;
				LD_RUNPATH_SEARCH_PATHS = (
					"$(inherited)",
					"@executable_path/Frameworks",
				);
				MARKETING_VERSION = 1.0;
				PRODUCT_BUNDLE_IDENTIFIER = com.yun.SwiftUIScreenTransition;
				PRODUCT_NAME = "$(TARGET_NAME)";
				SUPPORTED_PLATFORMS = "iphoneos iphonesimulator";
				SUPPORTS_MACCATALYST = NO;
				SUPPORTS_MAC_DESIGNED_FOR_IPHONE_IPAD = NO;
				SUPPORTS_XR_DESIGNED_FOR_IPHONE_IPAD = NO;
				SWIFT_EMIT_LOC_STRINGS = YES;
				SWIFT_VERSION = 5.0;
				TARGETED_DEVICE_FAMILY = 1;
			};
			name = Debug;
		};
		99408BD02C857BBA00544EC1 /* Release */ = {
			isa = XCBuildConfiguration;
			buildSettings = {
				ASSETCATALOG_COMPILER_APPICON_NAME = AppIcon;
				ASSETCATALOG_COMPILER_GLOBAL_ACCENT_COLOR_NAME = AccentColor;
				CODE_SIGN_STYLE = Automatic;
				CURRENT_PROJECT_VERSION = 1;
				DEVELOPMENT_ASSET_PATHS = "\"SwiftUIScreenTransition/Preview Content\"";
				DEVELOPMENT_TEAM = Y2VDXSZQ3M;
				ENABLE_PREVIEWS = YES;
				GENERATE_INFOPLIST_FILE = YES;
				INFOPLIST_KEY_UIApplicationSceneManifest_Generation = YES;
				INFOPLIST_KEY_UIApplicationSupportsIndirectInputEvents = YES;
				INFOPLIST_KEY_UILaunchScreen_Generation = YES;
				INFOPLIST_KEY_UISupportedInterfaceOrientations = UIInterfaceOrientationPortrait;
				LD_RUNPATH_SEARCH_PATHS = (
					"$(inherited)",
					"@executable_path/Frameworks",
				);
				MARKETING_VERSION = 1.0;
				PRODUCT_BUNDLE_IDENTIFIER = com.yun.SwiftUIScreenTransition;
				PRODUCT_NAME = "$(TARGET_NAME)";
				SUPPORTED_PLATFORMS = "iphoneos iphonesimulator";
				SUPPORTS_MACCATALYST = NO;
				SUPPORTS_MAC_DESIGNED_FOR_IPHONE_IPAD = NO;
				SUPPORTS_XR_DESIGNED_FOR_IPHONE_IPAD = NO;
				SWIFT_EMIT_LOC_STRINGS = YES;
				SWIFT_VERSION = 5.0;
				TARGETED_DEVICE_FAMILY = 1;
			};
			name = Release;
		};
/* End XCBuildConfiguration section */

/* Begin XCConfigurationList section */
		99408BBB2C857BB900544EC1 /* Build configuration list for PBXProject "SwiftUIScreenTransition" */ = {
			isa = XCConfigurationList;
			buildConfigurations = (
				99408BCC2C857BBA00544EC1 /* Debug */,
				99408BCD2C857BBA00544EC1 /* Release */,
			);
			defaultConfigurationIsVisible = 0;
			defaultConfigurationName = Release;
		};
		99408BCE2C857BBA00544EC1 /* Build configuration list for PBXNativeTarget "SwiftUIScreenTransition" */ = {
			isa = XCConfigurationList;
			buildConfigurations = (
				99408BCF2C857BBA00544EC1 /* Debug */,
				99408BD02C857BBA00544EC1 /* Release */,
			);
			defaultConfigurationIsVisible = 0;
			defaultConfigurationName = Release;
		};
/* End XCConfigurationList section */
	};
	rootObject = 99408BB82C857BB900544EC1 /* Project object */;
}
